{
  "name": "@steelbreeze/state",
  "version": "1.0.0",
  "lockfileVersion": 1,
  "requires": true,
  "dependencies": {
    "@steelbreeze/delegate": {
      "version": "1.0.10",
      "resolved": "https://registry.npmjs.org/@steelbreeze/delegate/-/delegate-1.0.10.tgz",
      "integrity": "sha512-u1C2XJZY6PXhdwx5uMPjXHEW1SDONk+HgUx7sFLtWzKfiVGj4wu2TE44727nDT6oBizIOmGXT4mCenc4HHLrtQ=="
    },
    "@steelbreeze/graph": {
      "version": "1.0.4",
      "resolved": "https://registry.npmjs.org/@steelbreeze/graph/-/graph-1.0.4.tgz",
      "integrity": "sha512-Fr2TN3lCpxCxOLljCsRuASNF02wfwZqRjjNIZuSb3juTKs6dqLpwB5F1ewIydXWIik70lVYOivyhPEXc005wiQ=="
    }
  }
}
