{
  "name": "@steelbreeze/state",
  "version": "1.0.0",
  "lockfileVersion": 1,
  "dependencies": {
    "@steelbreeze/delegate": {
      "version": "1.0.7",
      "resolved": "https://registry.npmjs.org/@steelbreeze/delegate/-/delegate-1.0.7.tgz",
      "integrity": "sha512-gjCRoL+TBgAEzjQorcEAZX4XxiMzKlYnXgegxm1hNjYJ9kNI7HFNJ0ALtHVmKnyG2zswmJOjQyaUDC1RLRhJOg=="
    }
  }
}
