{
  "name": "@steelbreeze/state",
  "version": "1.0.0",
  "lockfileVersion": 1,
  "dependencies": {
    "@steelbreeze/delegate": {
      "version": "1.0.5",
      "resolved": "https://registry.npmjs.org/@steelbreeze/delegate/-/delegate-1.0.5.tgz",
      "integrity": "sha512-fKIZ3tubORrIyvLAZZVzSULijL4MLiteLJUqDW3ib6xaOYP7v+7dTcSo0uoAsln9fq7RCCSVhueJeS2ArAKeGA=="
    }
  }
}
